{
  "originHash" : "1ee142c3dbca117f5610a2fcec2087307146391d199241a63cf4d16257b4a161",
  "pins" : [
    {
      "identity" : "tpcircularbuffer",
      "kind" : "remoteSourceControl",
      "location" : "https://github.com/neon443/TPCircularBuffer",
      "state" : {
        "branch" : "master",
        "revision" : "f037140572e099020520bfba1429e22ed3fc0350"
      }
    }
  ],
  "version" : 3
}
