// !$*UTF8*$!
{
	archiveVersion = 1;
	classes = {
	};
	objectVersion = 77;
	objects = {

/* Begin PBXBuildFile section */
		A90D496B2DDE73B300781124 /* PlaybackControls.swift in Sources */ = {isa = PBXBuildFile; fileRef = A90D496A2DDE73B300781124 /* PlaybackControls.swift */; };
		A92538D82DF0972B007E0A18 /* ViewModifiers.swift in Sources */ = {isa = PBXBuildFile; fileRef = A92538D72DF0972B007E0A18 /* ViewModifiers.swift */; };
		A927C31C2DE4EA84009DC31E /* ColorAdjustments.swift in Sources */ = {isa = PBXBuildFile; fileRef = A927C31B2DE4EA84009DC31E /* ColorAdjustments.swift */; };
		A92DCADD2DD74F1800D82924 /* Assets.xcassets in Resources */ = {isa = PBXBuildFile; fileRef = A92DCADA2DD74F1800D82924 /* Assets.xcassets */; };
		A92DCADE2DD74F1800D82924 /* AirAPApp.swift in Sources */ = {isa = PBXBuildFile; fileRef = A92DCAD92DD74F1800D82924 /* AirAPApp.swift */; };
		A92DCADF2DD74F1800D82924 /* ContentView.swift in Sources */ = {isa = PBXBuildFile; fileRef = A92DCADB2DD74F1800D82924 /* ContentView.swift */; };
		A93C6A302DF09F9D0006E216 /* TPCircularBuffer in Frameworks */ = {isa = PBXBuildFile; productRef = A93C6A2F2DF09F9D0006E216 /* TPCircularBuffer */; };
		A93C6A392DF0A2110006E216 /* Airstream.framework in Frameworks */ = {isa = PBXBuildFile; fileRef = A93C6A2D2DF09CBC0006E216 /* Airstream.framework */; };
		A93C6A3A2DF0A2430006E216 /* Airstream.framework in Embed Frameworks */ = {isa = PBXBuildFile; fileRef = A93C6A2D2DF09CBC0006E216 /* Airstream.framework */; settings = {ATTRIBUTES = (CodeSignOnCopy, RemoveHeadersOnCopy, ); }; };
		A93C6A3D2DF0A2C00006E216 /* TPCircularBufferFillCount.c in Sources */ = {isa = PBXBuildFile; fileRef = A93C6A3C2DF0A2C00006E216 /* TPCircularBufferFillCount.c */; };
		A94BEC122DE33A7C00D4811D /* AAPSettings.swift in Sources */ = {isa = PBXBuildFile; fileRef = A94BEC112DE33A7C00D4811D /* AAPSettings.swift */; };
		A94BEC172DE45F4400D4811D /* PlaybackProgressView.swift in Sources */ = {isa = PBXBuildFile; fileRef = A94BEC162DE45F4400D4811D /* PlaybackProgressView.swift */; };
		A966B4B22DDF863B00C721A5 /* HelpView.swift in Sources */ = {isa = PBXBuildFile; fileRef = A966B4B12DDF863B00C721A5 /* HelpView.swift */; };
		A966B4B42DDF8A6B00C721A5 /* AlbumArtView.swift in Sources */ = {isa = PBXBuildFile; fileRef = A966B4B32DDF8A6B00C721A5 /* AlbumArtView.swift */; };
		A96A94342DDE80AC00C12751 /* MetadataView.swift in Sources */ = {isa = PBXBuildFile; fileRef = A96A94332DDE80AC00C12751 /* MetadataView.swift */; };
		A96EAF322DDA005000E13432 /* Config.xcconfig in Resources */ = {isa = PBXBuildFile; fileRef = A96EAF312DDA005000E13432 /* Config.xcconfig */; };
		A98C20C22DE4F7170008D61C /* Portrait.swift in Sources */ = {isa = PBXBuildFile; fileRef = A98C20C12DE4F7170008D61C /* Portrait.swift */; };
		A98C20C42DE4F7A40008D61C /* Landscape.swift in Sources */ = {isa = PBXBuildFile; fileRef = A98C20C32DE4F7A40008D61C /* Landscape.swift */; };
		A9904A322DDD0AD900816130 /* NowPlaying.swift in Sources */ = {isa = PBXBuildFile; fileRef = A9904A312DDD0AD900816130 /* NowPlaying.swift */; };
		A9904A342DDD0BE100816130 /* SettingsView.swift in Sources */ = {isa = PBXBuildFile; fileRef = A9904A332DDD0BE100816130 /* SettingsView.swift */; };
		A9904A3D2DDD1CD600816130 /* StartStopButton.swift in Sources */ = {isa = PBXBuildFile; fileRef = A9904A3C2DDD1CD600816130 /* StartStopButton.swift */; };
		A99E25312DD7D1A900BF77D7 /* AirstreamManager.swift in Sources */ = {isa = PBXBuildFile; fileRef = A99E25302DD7D1A900BF77D7 /* AirstreamManager.swift */; };
		A9C8973D2DF0BCFB00EF9A5F /* TPCircularBuffer in Frameworks */ = {isa = PBXBuildFile; productRef = A9C8973C2DF0BCFB00EF9A5F /* TPCircularBuffer */; };
		A9C897572DF0BFD600EF9A5F /* README.md in Resources */ = {isa = PBXBuildFile; fileRef = A9C897562DF0BFD600EF9A5F /* README.md */; };
/* End PBXBuildFile section */

/* Begin PBXContainerItemProxy section */
		A93C6A2C2DF09CBC0006E216 /* PBXContainerItemProxy */ = {
			isa = PBXContainerItemProxy;
			containerPortal = A93C6A152DF09C200006E216 /* Airstream.xcodeproj */;
			proxyType = 2;
			remoteGlobalIDString = D1524B381DC562AF009C5D23;
			remoteInfo = Airstream;
		};
/* End PBXContainerItemProxy section */

/* Begin PBXCopyFilesBuildPhase section */
		A96EAF3D2DDA2B3500E13432 /* Embed Frameworks */ = {
			isa = PBXCopyFilesBuildPhase;
			buildActionMask = 2147483647;
			dstPath = "";
			dstSubfolderSpec = 10;
			files = (
				A93C6A3A2DF0A2430006E216 /* Airstream.framework in Embed Frameworks */,
			);
			name = "Embed Frameworks";
			runOnlyForDeploymentPostprocessing = 0;
		};
		A9E741A62DDF5560005F47B5 /* Embed Foundation Extensions */ = {
			isa = PBXCopyFilesBuildPhase;
			buildActionMask = 2147483647;
			dstPath = "";
			dstSubfolderSpec = 13;
			files = (
			);
			name = "Embed Foundation Extensions";
			runOnlyForDeploymentPostprocessing = 0;
		};
/* End PBXCopyFilesBuildPhase section */

/* Begin PBXFileReference section */
		A90D496A2DDE73B300781124 /* PlaybackControls.swift */ = {isa = PBXFileReference; lastKnownFileType = sourcecode.swift; path = PlaybackControls.swift; sourceTree = "<group>"; };
		A92538D72DF0972B007E0A18 /* ViewModifiers.swift */ = {isa = PBXFileReference; lastKnownFileType = sourcecode.swift; path = ViewModifiers.swift; sourceTree = "<group>"; };
		A927C31B2DE4EA84009DC31E /* ColorAdjustments.swift */ = {isa = PBXFileReference; lastKnownFileType = sourcecode.swift; path = ColorAdjustments.swift; sourceTree = "<group>"; };
		A92DCAC52DD74EB000D82924 /* AirAP.app */ = {isa = PBXFileReference; explicitFileType = wrapper.application; includeInIndex = 0; path = AirAP.app; sourceTree = BUILT_PRODUCTS_DIR; };
		A92DCAD92DD74F1800D82924 /* AirAPApp.swift */ = {isa = PBXFileReference; lastKnownFileType = sourcecode.swift; path = AirAPApp.swift; sourceTree = "<group>"; };
		A92DCADA2DD74F1800D82924 /* Assets.xcassets */ = {isa = PBXFileReference; lastKnownFileType = folder.assetcatalog; path = Assets.xcassets; sourceTree = "<group>"; };
		A92DCADB2DD74F1800D82924 /* ContentView.swift */ = {isa = PBXFileReference; lastKnownFileType = sourcecode.swift; path = ContentView.swift; sourceTree = "<group>"; };
		A93C6A152DF09C200006E216 /* Airstream.xcodeproj */ = {isa = PBXFileReference; lastKnownFileType = "wrapper.pb-project"; name = Airstream.xcodeproj; path = Carthage/Checkouts/Airstream/Airstream.xcodeproj; sourceTree = "<group>"; };
		A93C6A362DF0A0980006E216 /* AirAP-Bridge.h */ = {isa = PBXFileReference; lastKnownFileType = sourcecode.c.h; path = "AirAP-Bridge.h"; sourceTree = "<group>"; };
		A93C6A3B2DF0A2C00006E216 /* TPCircularBufferFillCount.h */ = {isa = PBXFileReference; lastKnownFileType = sourcecode.c.h; path = TPCircularBufferFillCount.h; sourceTree = "<group>"; };
		A93C6A3C2DF0A2C00006E216 /* TPCircularBufferFillCount.c */ = {isa = PBXFileReference; lastKnownFileType = sourcecode.c.c; path = TPCircularBufferFillCount.c; sourceTree = "<group>"; };
		A94BEC112DE33A7C00D4811D /* AAPSettings.swift */ = {isa = PBXFileReference; lastKnownFileType = sourcecode.swift; path = AAPSettings.swift; sourceTree = "<group>"; };
		A94BEC162DE45F4400D4811D /* PlaybackProgressView.swift */ = {isa = PBXFileReference; lastKnownFileType = sourcecode.swift; path = PlaybackProgressView.swift; sourceTree = "<group>"; };
		A95FAA6F2DF4BE8C00DE2F5A /* ci_post_clone.sh */ = {isa = PBXFileReference; lastKnownFileType = text.script.sh; path = ci_post_clone.sh; sourceTree = "<group>"; };
		A966B4B12DDF863B00C721A5 /* HelpView.swift */ = {isa = PBXFileReference; lastKnownFileType = sourcecode.swift; path = HelpView.swift; sourceTree = "<group>"; };
		A966B4B32DDF8A6B00C721A5 /* AlbumArtView.swift */ = {isa = PBXFileReference; lastKnownFileType = sourcecode.swift; path = AlbumArtView.swift; sourceTree = "<group>"; };
		A96A94332DDE80AC00C12751 /* MetadataView.swift */ = {isa = PBXFileReference; lastKnownFileType = sourcecode.swift; path = MetadataView.swift; sourceTree = "<group>"; };
		A96EAF312DDA005000E13432 /* Config.xcconfig */ = {isa = PBXFileReference; lastKnownFileType = text.xcconfig; path = Config.xcconfig; sourceTree = "<group>"; };
		A98C20C12DE4F7170008D61C /* Portrait.swift */ = {isa = PBXFileReference; lastKnownFileType = sourcecode.swift; name = Portrait.swift; path = AirAP/Views/Playing/Portrait.swift; sourceTree = SOURCE_ROOT; };
		A98C20C32DE4F7A40008D61C /* Landscape.swift */ = {isa = PBXFileReference; lastKnownFileType = sourcecode.swift; name = Landscape.swift; path = AirAP/Views/Playing/Landscape.swift; sourceTree = SOURCE_ROOT; };
		A9904A312DDD0AD900816130 /* NowPlaying.swift */ = {isa = PBXFileReference; lastKnownFileType = sourcecode.swift; path = NowPlaying.swift; sourceTree = "<group>"; };
		A9904A332DDD0BE100816130 /* SettingsView.swift */ = {isa = PBXFileReference; lastKnownFileType = sourcecode.swift; path = SettingsView.swift; sourceTree = "<group>"; };
		A9904A3C2DDD1CD600816130 /* StartStopButton.swift */ = {isa = PBXFileReference; lastKnownFileType = sourcecode.swift; path = StartStopButton.swift; sourceTree = "<group>"; };
		A99E25302DD7D1A900BF77D7 /* AirstreamManager.swift */ = {isa = PBXFileReference; lastKnownFileType = sourcecode.swift; path = AirstreamManager.swift; sourceTree = "<group>"; };
		A9C897562DF0BFD600EF9A5F /* README.md */ = {isa = PBXFileReference; explicitFileType = net.daringfireball.markdown; path = README.md; sourceTree = "<group>"; };
		A9E741BD2DDF731E005F47B5 /* AirAP.entitlements */ = {isa = PBXFileReference; lastKnownFileType = text.plist.entitlements; path = AirAP.entitlements; sourceTree = "<group>"; };
/* End PBXFileReference section */

/* Begin PBXFrameworksBuildPhase section */
		A92DCAC22DD74EB000D82924 /* Frameworks */ = {
			isa = PBXFrameworksBuildPhase;
			buildActionMask = 2147483647;
			files = (
				A93C6A392DF0A2110006E216 /* Airstream.framework in Frameworks */,
				A9C8973D2DF0BCFB00EF9A5F /* TPCircularBuffer in Frameworks */,
				A93C6A302DF09F9D0006E216 /* TPCircularBuffer in Frameworks */,
			);
			runOnlyForDeploymentPostprocessing = 0;
		};
/* End PBXFrameworksBuildPhase section */

/* Begin PBXGroup section */
		A90D49682DDE738C00781124 /* Settings */ = {
			isa = PBXGroup;
			children = (
				A94BEC112DE33A7C00D4811D /* AAPSettings.swift */,
				A9904A332DDD0BE100816130 /* SettingsView.swift */,
				A9904A3C2DDD1CD600816130 /* StartStopButton.swift */,
			);
			path = Settings;
			sourceTree = "<group>";
		};
		A90D49692DDE739A00781124 /* Playing */ = {
			isa = PBXGroup;
			children = (
				A9904A312DDD0AD900816130 /* NowPlaying.swift */,
				A98C20C12DE4F7170008D61C /* Portrait.swift */,
				A98C20C32DE4F7A40008D61C /* Landscape.swift */,
				A966B4B32DDF8A6B00C721A5 /* AlbumArtView.swift */,
				A90D496A2DDE73B300781124 /* PlaybackControls.swift */,
			);
			path = Playing;
			sourceTree = "<group>";
		};
		A92DCABC2DD74EB000D82924 = {
			isa = PBXGroup;
			children = (
				A95FAA6E2DF4BE7400DE2F5A /* ci_scripts */,
				A9C897562DF0BFD600EF9A5F /* README.md */,
				A96EAF312DDA005000E13432 /* Config.xcconfig */,
				A92DCADC2DD74F1800D82924 /* AirAP */,
				A93C6A152DF09C200006E216 /* Airstream.xcodeproj */,
				A92DCAC62DD74EB000D82924 /* Products */,
			);
			sourceTree = "<group>";
		};
		A92DCAC62DD74EB000D82924 /* Products */ = {
			isa = PBXGroup;
			children = (
				A92DCAC52DD74EB000D82924 /* AirAP.app */,
			);
			name = Products;
			sourceTree = "<group>";
		};
		A92DCADC2DD74F1800D82924 /* AirAP */ = {
			isa = PBXGroup;
			children = (
				A93C6A362DF0A0980006E216 /* AirAP-Bridge.h */,
				A93C6A3B2DF0A2C00006E216 /* TPCircularBufferFillCount.h */,
				A93C6A3C2DF0A2C00006E216 /* TPCircularBufferFillCount.c */,
				A92DCADA2DD74F1800D82924 /* Assets.xcassets */,
				A9E741BD2DDF731E005F47B5 /* AirAP.entitlements */,
				A92DCAD92DD74F1800D82924 /* AirAPApp.swift */,
				A99E25302DD7D1A900BF77D7 /* AirstreamManager.swift */,
				A92DCAE02DD74F2000D82924 /* Views */,
			);
			path = AirAP;
			sourceTree = "<group>";
		};
		A92DCAE02DD74F2000D82924 /* Views */ = {
			isa = PBXGroup;
			children = (
				A92DCADB2DD74F1800D82924 /* ContentView.swift */,
				A90D49692DDE739A00781124 /* Playing */,
				A94BEC152DE34D4000D4811D /* Metadata */,
				A90D49682DDE738C00781124 /* Settings */,
				A966B4B12DDF863B00C721A5 /* HelpView.swift */,
				A927C31B2DE4EA84009DC31E /* ColorAdjustments.swift */,
				A92538D72DF0972B007E0A18 /* ViewModifiers.swift */,
			);
			path = Views;
			sourceTree = "<group>";
		};
		A93C6A292DF09CBC0006E216 /* Products */ = {
			isa = PBXGroup;
			children = (
				A93C6A2D2DF09CBC0006E216 /* Airstream.framework */,
			);
			name = Products;
			sourceTree = "<group>";
		};
		A94BEC152DE34D4000D4811D /* Metadata */ = {
			isa = PBXGroup;
			children = (
				A94BEC162DE45F4400D4811D /* PlaybackProgressView.swift */,
				A96A94332DDE80AC00C12751 /* MetadataView.swift */,
			);
			path = Metadata;
			sourceTree = "<group>";
		};
		A95FAA6E2DF4BE7400DE2F5A /* ci_scripts */ = {
			isa = PBXGroup;
			children = (
				A95FAA6F2DF4BE8C00DE2F5A /* ci_post_clone.sh */,
			);
			path = ci_scripts;
			sourceTree = "<group>";
		};
/* End PBXGroup section */

/* Begin PBXNativeTarget section */
		A92DCAC42DD74EB000D82924 /* AirAP */ = {
			isa = PBXNativeTarget;
			buildConfigurationList = A92DCAD02DD74EB100D82924 /* Build configuration list for PBXNativeTarget "AirAP" */;
			buildPhases = (
				A92DCAC12DD74EB000D82924 /* Sources */,
				A92DCAC22DD74EB000D82924 /* Frameworks */,
				A92DCAC32DD74EB000D82924 /* Resources */,
				A96EAF3D2DDA2B3500E13432 /* Embed Frameworks */,
				A9E741A62DDF5560005F47B5 /* Embed Foundation Extensions */,
			);
			buildRules = (
			);
			dependencies = (
			);
			name = AirAP;
			packageProductDependencies = (
				A93C6A2F2DF09F9D0006E216 /* TPCircularBuffer */,
				A9C8973C2DF0BCFB00EF9A5F /* TPCircularBuffer */,
			);
			productName = AirAP;
			productReference = A92DCAC52DD74EB000D82924 /* AirAP.app */;
			productType = "com.apple.product-type.application";
		};
/* End PBXNativeTarget section */

/* Begin PBXProject section */
		A92DCABD2DD74EB000D82924 /* Project object */ = {
			isa = PBXProject;
			attributes = {
				BuildIndependentTargetsInParallel = 1;
				LastSwiftUpdateCheck = 1640;
				LastUpgradeCheck = 1640;
				TargetAttributes = {
					A92DCAC42DD74EB000D82924 = {
						CreatedOnToolsVersion = 16.4;
						LastSwiftMigration = 1640;
					};
				};
			};
			buildConfigurationList = A92DCAC02DD74EB000D82924 /* Build configuration list for PBXProject "AirAP" */;
			developmentRegion = en;
			hasScannedForEncodings = 0;
			knownRegions = (
				en,
				Base,
			);
			mainGroup = A92DCABC2DD74EB000D82924;
			minimizedProjectReferenceProxies = 1;
			packageReferences = (
				A9C8973B2DF0BCFB00EF9A5F /* XCRemoteSwiftPackageReference "TPCircularBuffer" */,
			);
			preferredProjectObjectVersion = 77;
			productRefGroup = A92DCAC62DD74EB000D82924 /* Products */;
			projectDirPath = "";
			projectReferences = (
				{
					ProductGroup = A93C6A292DF09CBC0006E216 /* Products */;
					ProjectRef = A93C6A152DF09C200006E216 /* Airstream.xcodeproj */;
				},
			);
			projectRoot = "";
			targets = (
				A92DCAC42DD74EB000D82924 /* AirAP */,
			);
		};
/* End PBXProject section */

/* Begin PBXReferenceProxy section */
		A93C6A2D2DF09CBC0006E216 /* Airstream.framework */ = {
			isa = PBXReferenceProxy;
			fileType = wrapper.framework;
			path = Airstream.framework;
			remoteRef = A93C6A2C2DF09CBC0006E216 /* PBXContainerItemProxy */;
			sourceTree = BUILT_PRODUCTS_DIR;
		};
/* End PBXReferenceProxy section */

/* Begin PBXResourcesBuildPhase section */
		A92DCAC32DD74EB000D82924 /* Resources */ = {
			isa = PBXResourcesBuildPhase;
			buildActionMask = 2147483647;
			files = (
				A9C897572DF0BFD600EF9A5F /* README.md in Resources */,
				A96EAF322DDA005000E13432 /* Config.xcconfig in Resources */,
				A92DCADD2DD74F1800D82924 /* Assets.xcassets in Resources */,
			);
			runOnlyForDeploymentPostprocessing = 0;
		};
/* End PBXResourcesBuildPhase section */

/* Begin PBXSourcesBuildPhase section */
		A92DCAC12DD74EB000D82924 /* Sources */ = {
			isa = PBXSourcesBuildPhase;
			buildActionMask = 2147483647;
			files = (
				A9904A3D2DDD1CD600816130 /* StartStopButton.swift in Sources */,
				A966B4B42DDF8A6B00C721A5 /* AlbumArtView.swift in Sources */,
				A927C31C2DE4EA84009DC31E /* ColorAdjustments.swift in Sources */,
				A92538D82DF0972B007E0A18 /* ViewModifiers.swift in Sources */,
				A966B4B22DDF863B00C721A5 /* HelpView.swift in Sources */,
				A94BEC172DE45F4400D4811D /* PlaybackProgressView.swift in Sources */,
				A9904A322DDD0AD900816130 /* NowPlaying.swift in Sources */,
				A9904A342DDD0BE100816130 /* SettingsView.swift in Sources */,
				A98C20C42DE4F7A40008D61C /* Landscape.swift in Sources */,
				A94BEC122DE33A7C00D4811D /* AAPSettings.swift in Sources */,
				A98C20C22DE4F7170008D61C /* Portrait.swift in Sources */,
				A93C6A3D2DF0A2C00006E216 /* TPCircularBufferFillCount.c in Sources */,
				A96A94342DDE80AC00C12751 /* MetadataView.swift in Sources */,
				A92DCADE2DD74F1800D82924 /* AirAPApp.swift in Sources */,
				A90D496B2DDE73B300781124 /* PlaybackControls.swift in Sources */,
				A92DCADF2DD74F1800D82924 /* ContentView.swift in Sources */,
				A99E25312DD7D1A900BF77D7 /* AirstreamManager.swift in Sources */,
			);
			runOnlyForDeploymentPostprocessing = 0;
		};
/* End PBXSourcesBuildPhase section */

/* Begin XCBuildConfiguration section */
		A92DCACE2DD74EB100D82924 /* Debug */ = {
			isa = XCBuildConfiguration;
			baseConfigurationReference = A96EAF312DDA005000E13432 /* Config.xcconfig */;
			buildSettings = {
				ALWAYS_SEARCH_USER_PATHS = NO;
				ASSETCATALOG_COMPILER_GENERATE_SWIFT_ASSET_SYMBOL_EXTENSIONS = YES;
				CLANG_ANALYZER_NONNULL = YES;
				CLANG_ANALYZER_NUMBER_OBJECT_CONVERSION = YES_AGGRESSIVE;
				CLANG_CXX_LANGUAGE_STANDARD = "gnu++20";
				CLANG_ENABLE_MODULES = YES;
				CLANG_ENABLE_OBJC_ARC = YES;
				CLANG_ENABLE_OBJC_WEAK = YES;
				CLANG_WARN_BLOCK_CAPTURE_AUTORELEASING = YES;
				CLANG_WARN_BOOL_CONVERSION = YES;
				CLANG_WARN_COMMA = YES;
				CLANG_WARN_CONSTANT_CONVERSION = YES;
				CLANG_WARN_DEPRECATED_OBJC_IMPLEMENTATIONS = YES;
				CLANG_WARN_DIRECT_OBJC_ISA_USAGE = YES_ERROR;
				CLANG_WARN_DOCUMENTATION_COMMENTS = YES;
				CLANG_WARN_EMPTY_BODY = YES;
				CLANG_WARN_ENUM_CONVERSION = YES;
				CLANG_WARN_INFINITE_RECURSION = YES;
				CLANG_WARN_INT_CONVERSION = YES;
				CLANG_WARN_NON_LITERAL_NULL_CONVERSION = YES;
				CLANG_WARN_OBJC_IMPLICIT_RETAIN_SELF = YES;
				CLANG_WARN_OBJC_LITERAL_CONVERSION = YES;
				CLANG_WARN_OBJC_ROOT_CLASS = YES_ERROR;
				CLANG_WARN_QUOTED_INCLUDE_IN_FRAMEWORK_HEADER = YES;
				CLANG_WARN_RANGE_LOOP_ANALYSIS = YES;
				CLANG_WARN_STRICT_PROTOTYPES = YES;
				CLANG_WARN_SUSPICIOUS_MOVE = YES;
				CLANG_WARN_UNGUARDED_AVAILABILITY = YES_AGGRESSIVE;
				CLANG_WARN_UNREACHABLE_CODE = YES;
				CLANG_WARN__DUPLICATE_METHOD_MATCH = YES;
				COPY_PHASE_STRIP = NO;
				DEBUG_INFORMATION_FORMAT = dwarf;
				DEVELOPMENT_TEAM = 8JGND254B7;
				ENABLE_STRICT_OBJC_MSGSEND = YES;
				ENABLE_TESTABILITY = YES;
				ENABLE_USER_SCRIPT_SANDBOXING = YES;
				GCC_C_LANGUAGE_STANDARD = gnu17;
				GCC_DYNAMIC_NO_PIC = NO;
				GCC_NO_COMMON_BLOCKS = YES;
				GCC_OPTIMIZATION_LEVEL = 0;
				GCC_PREPROCESSOR_DEFINITIONS = (
					"DEBUG=1",
					"$(inherited)",
				);
				GCC_WARN_64_TO_32_BIT_CONVERSION = YES;
				GCC_WARN_ABOUT_RETURN_TYPE = YES_ERROR;
				GCC_WARN_UNDECLARED_SELECTOR = YES;
				GCC_WARN_UNINITIALIZED_AUTOS = YES_AGGRESSIVE;
				GCC_WARN_UNUSED_FUNCTION = YES;
				GCC_WARN_UNUSED_VARIABLE = YES;
				IPHONEOS_DEPLOYMENT_TARGET = 18.5;
				LOCALIZATION_PREFERS_STRING_CATALOGS = YES;
				MTL_ENABLE_DEBUG_INFO = INCLUDE_SOURCE;
				MTL_FAST_MATH = YES;
				ONLY_ACTIVE_ARCH = YES;
				SDKROOT = iphoneos;
				SWIFT_ACTIVE_COMPILATION_CONDITIONS = "DEBUG $(inherited)";
				SWIFT_OBJC_BRIDGING_HEADER = "TPCircularBuffer/AirAP-Bridging-Header.h";
				SWIFT_OPTIMIZATION_LEVEL = "-Onone";
			};
			name = Debug;
		};
		A92DCACF2DD74EB100D82924 /* Release */ = {
			isa = XCBuildConfiguration;
			baseConfigurationReference = A96EAF312DDA005000E13432 /* Config.xcconfig */;
			buildSettings = {
				ALWAYS_SEARCH_USER_PATHS = NO;
				ASSETCATALOG_COMPILER_GENERATE_SWIFT_ASSET_SYMBOL_EXTENSIONS = YES;
				CLANG_ANALYZER_NONNULL = YES;
				CLANG_ANALYZER_NUMBER_OBJECT_CONVERSION = YES_AGGRESSIVE;
				CLANG_CXX_LANGUAGE_STANDARD = "gnu++20";
				CLANG_ENABLE_MODULES = YES;
				CLANG_ENABLE_OBJC_ARC = YES;
				CLANG_ENABLE_OBJC_WEAK = YES;
				CLANG_WARN_BLOCK_CAPTURE_AUTORELEASING = YES;
				CLANG_WARN_BOOL_CONVERSION = YES;
				CLANG_WARN_COMMA = YES;
				CLANG_WARN_CONSTANT_CONVERSION = YES;
				CLANG_WARN_DEPRECATED_OBJC_IMPLEMENTATIONS = YES;
				CLANG_WARN_DIRECT_OBJC_ISA_USAGE = YES_ERROR;
				CLANG_WARN_DOCUMENTATION_COMMENTS = YES;
				CLANG_WARN_EMPTY_BODY = YES;
				CLANG_WARN_ENUM_CONVERSION = YES;
				CLANG_WARN_INFINITE_RECURSION = YES;
				CLANG_WARN_INT_CONVERSION = YES;
				CLANG_WARN_NON_LITERAL_NULL_CONVERSION = YES;
				CLANG_WARN_OBJC_IMPLICIT_RETAIN_SELF = YES;
				CLANG_WARN_OBJC_LITERAL_CONVERSION = YES;
				CLANG_WARN_OBJC_ROOT_CLASS = YES_ERROR;
				CLANG_WARN_QUOTED_INCLUDE_IN_FRAMEWORK_HEADER = YES;
				CLANG_WARN_RANGE_LOOP_ANALYSIS = YES;
				CLANG_WARN_STRICT_PROTOTYPES = YES;
				CLANG_WARN_SUSPICIOUS_MOVE = YES;
				CLANG_WARN_UNGUARDED_AVAILABILITY = YES_AGGRESSIVE;
				CLANG_WARN_UNREACHABLE_CODE = YES;
				CLANG_WARN__DUPLICATE_METHOD_MATCH = YES;
				COPY_PHASE_STRIP = NO;
				DEBUG_INFORMATION_FORMAT = "dwarf-with-dsym";
				DEVELOPMENT_TEAM = 8JGND254B7;
				ENABLE_NS_ASSERTIONS = NO;
				ENABLE_STRICT_OBJC_MSGSEND = YES;
				ENABLE_USER_SCRIPT_SANDBOXING = YES;
				GCC_C_LANGUAGE_STANDARD = gnu17;
				GCC_NO_COMMON_BLOCKS = YES;
				GCC_WARN_64_TO_32_BIT_CONVERSION = YES;
				GCC_WARN_ABOUT_RETURN_TYPE = YES_ERROR;
				GCC_WARN_UNDECLARED_SELECTOR = YES;
				GCC_WARN_UNINITIALIZED_AUTOS = YES_AGGRESSIVE;
				GCC_WARN_UNUSED_FUNCTION = YES;
				GCC_WARN_UNUSED_VARIABLE = YES;
				IPHONEOS_DEPLOYMENT_TARGET = 18.5;
				LOCALIZATION_PREFERS_STRING_CATALOGS = YES;
				MTL_ENABLE_DEBUG_INFO = NO;
				MTL_FAST_MATH = YES;
				SDKROOT = iphoneos;
				SWIFT_COMPILATION_MODE = wholemodule;
				SWIFT_OBJC_BRIDGING_HEADER = "TPCircularBuffer/AirAP-Bridging-Header.h";
				VALIDATE_PRODUCT = YES;
			};
			name = Release;
		};
		A92DCAD12DD74EB100D82924 /* Debug */ = {
			isa = XCBuildConfiguration;
			buildSettings = {
				ASSETCATALOG_COMPILER_APPICON_NAME = AppIcon;
				ASSETCATALOG_COMPILER_GLOBAL_ACCENT_COLOR_NAME = AccentColor;
				CLANG_ENABLE_MODULES = YES;
				CODE_SIGN_ENTITLEMENTS = AirAP/AirAP.entitlements;
				CODE_SIGN_STYLE = Automatic;
				CURRENT_PROJECT_VERSION = "$(BUILD_NUMBER)";
				DEVELOPMENT_TEAM = 8JGND254B7;
				ENABLE_PREVIEWS = YES;
				GENERATE_INFOPLIST_FILE = YES;
				INFOPLIST_FILE = AirAP/Info.plist;
				INFOPLIST_KEY_ITSAppUsesNonExemptEncryption = NO;
				INFOPLIST_KEY_NSLocalNetworkUsageDescription = "Needed to recieve AirPlay Audio and broadcast the server";
				INFOPLIST_KEY_NSSupportsLiveActivities = YES;
				INFOPLIST_KEY_UIApplicationSceneManifest_Generation = YES;
				INFOPLIST_KEY_UIApplicationSupportsIndirectInputEvents = YES;
				INFOPLIST_KEY_UILaunchScreen_Generation = YES;
				INFOPLIST_KEY_UISupportedInterfaceOrientations = "UIInterfaceOrientationLandscapeLeft UIInterfaceOrientationLandscapeRight UIInterfaceOrientationPortrait UIInterfaceOrientationPortraitUpsideDown";
				IPHONEOS_DEPLOYMENT_TARGET = 14;
				LD_RUNPATH_SEARCH_PATHS = (
					"$(inherited)",
					"@executable_path/Frameworks",
				);
				MARKETING_VERSION = "$(VERSION)";
				PRODUCT_BUNDLE_IDENTIFIER = com.neon443.AirAP;
				PRODUCT_NAME = "$(TARGET_NAME)";
				SUPPORTED_PLATFORMS = "iphoneos iphonesimulator";
				SUPPORTS_MACCATALYST = NO;
				SUPPORTS_MAC_DESIGNED_FOR_IPHONE_IPAD = YES;
				SUPPORTS_XR_DESIGNED_FOR_IPHONE_IPAD = YES;
				SWIFT_EMIT_LOC_STRINGS = YES;
				SWIFT_OBJC_BRIDGING_HEADER = "AirAP/AirAP-Bridge.h";
				SWIFT_OPTIMIZATION_LEVEL = "-Onone";
				SWIFT_VERSION = 5.0;
				TARGETED_DEVICE_FAMILY = "1,2";
			};
			name = Debug;
		};
		A92DCAD22DD74EB100D82924 /* Release */ = {
			isa = XCBuildConfiguration;
			buildSettings = {
				ASSETCATALOG_COMPILER_APPICON_NAME = AppIcon;
				ASSETCATALOG_COMPILER_GLOBAL_ACCENT_COLOR_NAME = AccentColor;
				CLANG_ENABLE_MODULES = YES;
				CODE_SIGN_ENTITLEMENTS = AirAP/AirAP.entitlements;
				CODE_SIGN_STYLE = Automatic;
				CURRENT_PROJECT_VERSION = "$(BUILD_NUMBER)";
				DEVELOPMENT_TEAM = 8JGND254B7;
				ENABLE_PREVIEWS = YES;
				GENERATE_INFOPLIST_FILE = YES;
				INFOPLIST_FILE = AirAP/Info.plist;
				INFOPLIST_KEY_ITSAppUsesNonExemptEncryption = NO;
				INFOPLIST_KEY_NSLocalNetworkUsageDescription = "Needed to recieve AirPlay Audio and broadcast the server";
				INFOPLIST_KEY_NSSupportsLiveActivities = YES;
				INFOPLIST_KEY_UIApplicationSceneManifest_Generation = YES;
				INFOPLIST_KEY_UIApplicationSupportsIndirectInputEvents = YES;
				INFOPLIST_KEY_UILaunchScreen_Generation = YES;
				INFOPLIST_KEY_UISupportedInterfaceOrientations = "UIInterfaceOrientationLandscapeLeft UIInterfaceOrientationLandscapeRight UIInterfaceOrientationPortrait UIInterfaceOrientationPortraitUpsideDown";
				IPHONEOS_DEPLOYMENT_TARGET = 14;
				LD_RUNPATH_SEARCH_PATHS = (
					"$(inherited)",
					"@executable_path/Frameworks",
				);
				MARKETING_VERSION = "$(VERSION)";
				PRODUCT_BUNDLE_IDENTIFIER = com.neon443.AirAP;
				PRODUCT_NAME = "$(TARGET_NAME)";
				SUPPORTED_PLATFORMS = "iphoneos iphonesimulator";
				SUPPORTS_MACCATALYST = NO;
				SUPPORTS_MAC_DESIGNED_FOR_IPHONE_IPAD = YES;
				SUPPORTS_XR_DESIGNED_FOR_IPHONE_IPAD = YES;
				SWIFT_EMIT_LOC_STRINGS = YES;
				SWIFT_OBJC_BRIDGING_HEADER = "AirAP/AirAP-Bridge.h";
				SWIFT_VERSION = 5.0;
				TARGETED_DEVICE_FAMILY = "1,2";
			};
			name = Release;
		};
/* End XCBuildConfiguration section */

/* Begin XCConfigurationList section */
		A92DCAC02DD74EB000D82924 /* Build configuration list for PBXProject "AirAP" */ = {
			isa = XCConfigurationList;
			buildConfigurations = (
				A92DCACE2DD74EB100D82924 /* Debug */,
				A92DCACF2DD74EB100D82924 /* Release */,
			);
			defaultConfigurationIsVisible = 0;
			defaultConfigurationName = Release;
		};
		A92DCAD02DD74EB100D82924 /* Build configuration list for PBXNativeTarget "AirAP" */ = {
			isa = XCConfigurationList;
			buildConfigurations = (
				A92DCAD12DD74EB100D82924 /* Debug */,
				A92DCAD22DD74EB100D82924 /* Release */,
			);
			defaultConfigurationIsVisible = 0;
			defaultConfigurationName = Release;
		};
/* End XCConfigurationList section */

/* Begin XCRemoteSwiftPackageReference section */
		A9C8973B2DF0BCFB00EF9A5F /* XCRemoteSwiftPackageReference "TPCircularBuffer" */ = {
			isa = XCRemoteSwiftPackageReference;
			repositoryURL = "https://github.com/michaeltyson/TPCircularBuffer";
			requirement = {
				kind = upToNextMajorVersion;
				minimumVersion = 1.6.2;
			};
		};
/* End XCRemoteSwiftPackageReference section */

/* Begin XCSwiftPackageProductDependency section */
		A93C6A2F2DF09F9D0006E216 /* TPCircularBuffer */ = {
			isa = XCSwiftPackageProductDependency;
			productName = TPCircularBuffer;
		};
		A9C8973C2DF0BCFB00EF9A5F /* TPCircularBuffer */ = {
			isa = XCSwiftPackageProductDependency;
			package = A9C8973B2DF0BCFB00EF9A5F /* XCRemoteSwiftPackageReference "TPCircularBuffer" */;
			productName = TPCircularBuffer;
		};
/* End XCSwiftPackageProductDependency section */
	};
	rootObject = A92DCABD2DD74EB000D82924 /* Project object */;
}
