// !$*UTF8*$!
{
	archiveVersion = 1;
	classes = {
	};
	objectVersion = 77;
	objects = {

/* Begin PBXBuildFile section */
		A90D496B2DDE73B300781124 /* PlaybackControls.swift in Sources */ = {isa = PBXBuildFile; fileRef = A90D496A2DDE73B300781124 /* PlaybackControls.swift */; };
		A92DCADD2DD74F1800D82924 /* Assets.xcassets in Resources */ = {isa = PBXBuildFile; fileRef = A92DCADA2DD74F1800D82924 /* Assets.xcassets */; };
		A92DCADE2DD74F1800D82924 /* AirAPApp.swift in Sources */ = {isa = PBXBuildFile; fileRef = A92DCAD92DD74F1800D82924 /* AirAPApp.swift */; };
		A92DCADF2DD74F1800D82924 /* ContentView.swift in Sources */ = {isa = PBXBuildFile; fileRef = A92DCADB2DD74F1800D82924 /* ContentView.swift */; };
		A96EAF322DDA005000E13432 /* Config.xcconfig in Resources */ = {isa = PBXBuildFile; fileRef = A96EAF312DDA005000E13432 /* Config.xcconfig */; };
		A9904A262DDD047500816130 /* Airstream.xcframework in Frameworks */ = {isa = PBXBuildFile; fileRef = A9904A242DDCFEE400816130 /* Airstream.xcframework */; };
		A9904A272DDD047500816130 /* Airstream.xcframework in Embed Frameworks */ = {isa = PBXBuildFile; fileRef = A9904A242DDCFEE400816130 /* Airstream.xcframework */; settings = {ATTRIBUTES = (CodeSignOnCopy, RemoveHeadersOnCopy, ); }; };
		A9904A302DDD098500816130 /* TPCircularBuffer.c in Sources */ = {isa = PBXBuildFile; fileRef = A9904A2E2DDD098500816130 /* TPCircularBuffer.c */; };
		A9904A322DDD0AD900816130 /* NowPlaying.swift in Sources */ = {isa = PBXBuildFile; fileRef = A9904A312DDD0AD900816130 /* NowPlaying.swift */; };
		A9904A342DDD0BE100816130 /* SettingsView.swift in Sources */ = {isa = PBXBuildFile; fileRef = A9904A332DDD0BE100816130 /* SettingsView.swift */; };
		A9904A3D2DDD1CD600816130 /* StartStopButton.swift in Sources */ = {isa = PBXBuildFile; fileRef = A9904A3C2DDD1CD600816130 /* StartStopButton.swift */; };
		A99E25312DD7D1A900BF77D7 /* AirstreamManager.swift in Sources */ = {isa = PBXBuildFile; fileRef = A99E25302DD7D1A900BF77D7 /* AirstreamManager.swift */; };
		A9B2EC022DDB5FDC004CD6C3 /* CircularBuffer.swift in Sources */ = {isa = PBXBuildFile; fileRef = A9B2EC012DDB5FDC004CD6C3 /* CircularBuffer.swift */; };
/* End PBXBuildFile section */

/* Begin PBXCopyFilesBuildPhase section */
		A96EAF3D2DDA2B3500E13432 /* Embed Frameworks */ = {
			isa = PBXCopyFilesBuildPhase;
			buildActionMask = 2147483647;
			dstPath = "";
			dstSubfolderSpec = 10;
			files = (
				A9904A272DDD047500816130 /* Airstream.xcframework in Embed Frameworks */,
			);
			name = "Embed Frameworks";
			runOnlyForDeploymentPostprocessing = 0;
		};
/* End PBXCopyFilesBuildPhase section */

/* Begin PBXFileReference section */
		A90D496A2DDE73B300781124 /* PlaybackControls.swift */ = {isa = PBXFileReference; lastKnownFileType = sourcecode.swift; path = PlaybackControls.swift; sourceTree = "<group>"; };
		A92DCAC52DD74EB000D82924 /* AirAP.app */ = {isa = PBXFileReference; explicitFileType = wrapper.application; includeInIndex = 0; path = AirAP.app; sourceTree = BUILT_PRODUCTS_DIR; };
		A92DCAD92DD74F1800D82924 /* AirAPApp.swift */ = {isa = PBXFileReference; lastKnownFileType = sourcecode.swift; path = AirAPApp.swift; sourceTree = "<group>"; };
		A92DCADA2DD74F1800D82924 /* Assets.xcassets */ = {isa = PBXFileReference; lastKnownFileType = folder.assetcatalog; path = Assets.xcassets; sourceTree = "<group>"; };
		A92DCADB2DD74F1800D82924 /* ContentView.swift */ = {isa = PBXFileReference; lastKnownFileType = sourcecode.swift; path = ContentView.swift; sourceTree = "<group>"; };
		A96EAF312DDA005000E13432 /* Config.xcconfig */ = {isa = PBXFileReference; lastKnownFileType = text.xcconfig; path = Config.xcconfig; sourceTree = "<group>"; };
		A9904A242DDCFEE400816130 /* Airstream.xcframework */ = {isa = PBXFileReference; lastKnownFileType = wrapper.xcframework; name = Airstream.xcframework; path = Carthage/Build/Airstream.xcframework; sourceTree = SOURCE_ROOT; };
		A9904A2C2DDD098500816130 /* AirAP-Bridging-Header.h */ = {isa = PBXFileReference; lastKnownFileType = sourcecode.c.h; path = "AirAP-Bridging-Header.h"; sourceTree = "<group>"; };
		A9904A2D2DDD098500816130 /* TPCircularBuffer.h */ = {isa = PBXFileReference; lastKnownFileType = sourcecode.c.h; path = TPCircularBuffer.h; sourceTree = "<group>"; };
		A9904A2E2DDD098500816130 /* TPCircularBuffer.c */ = {isa = PBXFileReference; lastKnownFileType = sourcecode.c.c; path = TPCircularBuffer.c; sourceTree = "<group>"; };
		A9904A312DDD0AD900816130 /* NowPlaying.swift */ = {isa = PBXFileReference; lastKnownFileType = sourcecode.swift; path = NowPlaying.swift; sourceTree = "<group>"; };
		A9904A332DDD0BE100816130 /* SettingsView.swift */ = {isa = PBXFileReference; lastKnownFileType = sourcecode.swift; path = SettingsView.swift; sourceTree = "<group>"; };
		A9904A3C2DDD1CD600816130 /* StartStopButton.swift */ = {isa = PBXFileReference; lastKnownFileType = sourcecode.swift; path = StartStopButton.swift; sourceTree = "<group>"; };
		A99E25302DD7D1A900BF77D7 /* AirstreamManager.swift */ = {isa = PBXFileReference; lastKnownFileType = sourcecode.swift; path = AirstreamManager.swift; sourceTree = "<group>"; };
		A99E25352DD7D3C500BF77D7 /* Info.plist */ = {isa = PBXFileReference; lastKnownFileType = text.plist.xml; path = Info.plist; sourceTree = "<group>"; };
		A9B2EC012DDB5FDC004CD6C3 /* CircularBuffer.swift */ = {isa = PBXFileReference; lastKnownFileType = sourcecode.swift; path = CircularBuffer.swift; sourceTree = "<group>"; };
/* End PBXFileReference section */

/* Begin PBXFrameworksBuildPhase section */
		A92DCAC22DD74EB000D82924 /* Frameworks */ = {
			isa = PBXFrameworksBuildPhase;
			buildActionMask = 2147483647;
			files = (
				A9904A262DDD047500816130 /* Airstream.xcframework in Frameworks */,
			);
			runOnlyForDeploymentPostprocessing = 0;
		};
/* End PBXFrameworksBuildPhase section */

/* Begin PBXGroup section */
		A90D49682DDE738C00781124 /* Settings */ = {
			isa = PBXGroup;
			children = (
				A9904A332DDD0BE100816130 /* SettingsView.swift */,
				A9904A3C2DDD1CD600816130 /* StartStopButton.swift */,
			);
			path = Settings;
			sourceTree = "<group>";
		};
		A90D49692DDE739A00781124 /* Playing */ = {
			isa = PBXGroup;
			children = (
				A9904A312DDD0AD900816130 /* NowPlaying.swift */,
				A90D496A2DDE73B300781124 /* PlaybackControls.swift */,
			);
			path = Playing;
			sourceTree = "<group>";
		};
		A92DCABC2DD74EB000D82924 = {
			isa = PBXGroup;
			children = (
				A96EAF312DDA005000E13432 /* Config.xcconfig */,
				A92DCADC2DD74F1800D82924 /* AirAP */,
				A92DCADA2DD74F1800D82924 /* Assets.xcassets */,
				A9904A2F2DDD098500816130 /* TPCircularBuffer */,
				A92DCAC62DD74EB000D82924 /* Products */,
				A96EAF372DDA104200E13432 /* Frameworks */,
			);
			sourceTree = "<group>";
		};
		A92DCAC62DD74EB000D82924 /* Products */ = {
			isa = PBXGroup;
			children = (
				A92DCAC52DD74EB000D82924 /* AirAP.app */,
			);
			name = Products;
			sourceTree = "<group>";
		};
		A92DCADC2DD74F1800D82924 /* AirAP */ = {
			isa = PBXGroup;
			children = (
				A99E25352DD7D3C500BF77D7 /* Info.plist */,
				A92DCAD92DD74F1800D82924 /* AirAPApp.swift */,
				A9B2EC012DDB5FDC004CD6C3 /* CircularBuffer.swift */,
				A99E25302DD7D1A900BF77D7 /* AirstreamManager.swift */,
				A92DCAE02DD74F2000D82924 /* Views */,
			);
			path = AirAP;
			sourceTree = "<group>";
		};
		A92DCAE02DD74F2000D82924 /* Views */ = {
			isa = PBXGroup;
			children = (
				A92DCADB2DD74F1800D82924 /* ContentView.swift */,
				A90D49692DDE739A00781124 /* Playing */,
				A90D49682DDE738C00781124 /* Settings */,
			);
			path = Views;
			sourceTree = "<group>";
		};
		A96EAF372DDA104200E13432 /* Frameworks */ = {
			isa = PBXGroup;
			children = (
				A9904A242DDCFEE400816130 /* Airstream.xcframework */,
			);
			path = Frameworks;
			sourceTree = "<group>";
		};
		A9904A2F2DDD098500816130 /* TPCircularBuffer */ = {
			isa = PBXGroup;
			children = (
				A9904A2C2DDD098500816130 /* AirAP-Bridging-Header.h */,
				A9904A2D2DDD098500816130 /* TPCircularBuffer.h */,
				A9904A2E2DDD098500816130 /* TPCircularBuffer.c */,
			);
			path = TPCircularBuffer;
			sourceTree = "<group>";
		};
/* End PBXGroup section */

/* Begin PBXNativeTarget section */
		A92DCAC42DD74EB000D82924 /* AirAP */ = {
			isa = PBXNativeTarget;
			buildConfigurationList = A92DCAD02DD74EB100D82924 /* Build configuration list for PBXNativeTarget "AirAP" */;
			buildPhases = (
				A92DCAC12DD74EB000D82924 /* Sources */,
				A92DCAC22DD74EB000D82924 /* Frameworks */,
				A92DCAC32DD74EB000D82924 /* Resources */,
				A96EAF3D2DDA2B3500E13432 /* Embed Frameworks */,
			);
			buildRules = (
			);
			dependencies = (
			);
			name = AirAP;
			packageProductDependencies = (
			);
			productName = AirAP;
			productReference = A92DCAC52DD74EB000D82924 /* AirAP.app */;
			productType = "com.apple.product-type.application";
		};
/* End PBXNativeTarget section */

/* Begin PBXProject section */
		A92DCABD2DD74EB000D82924 /* Project object */ = {
			isa = PBXProject;
			attributes = {
				BuildIndependentTargetsInParallel = 1;
				LastSwiftUpdateCheck = 1640;
				LastUpgradeCheck = 1640;
				TargetAttributes = {
					A92DCAC42DD74EB000D82924 = {
						CreatedOnToolsVersion = 16.4;
						LastSwiftMigration = 1640;
					};
				};
			};
			buildConfigurationList = A92DCAC02DD74EB000D82924 /* Build configuration list for PBXProject "AirAP" */;
			developmentRegion = en;
			hasScannedForEncodings = 0;
			knownRegions = (
				en,
				Base,
			);
			mainGroup = A92DCABC2DD74EB000D82924;
			minimizedProjectReferenceProxies = 1;
			preferredProjectObjectVersion = 77;
			productRefGroup = A92DCAC62DD74EB000D82924 /* Products */;
			projectDirPath = "";
			projectRoot = "";
			targets = (
				A92DCAC42DD74EB000D82924 /* AirAP */,
			);
		};
/* End PBXProject section */

/* Begin PBXResourcesBuildPhase section */
		A92DCAC32DD74EB000D82924 /* Resources */ = {
			isa = PBXResourcesBuildPhase;
			buildActionMask = 2147483647;
			files = (
				A96EAF322DDA005000E13432 /* Config.xcconfig in Resources */,
				A92DCADD2DD74F1800D82924 /* Assets.xcassets in Resources */,
			);
			runOnlyForDeploymentPostprocessing = 0;
		};
/* End PBXResourcesBuildPhase section */

/* Begin PBXSourcesBuildPhase section */
		A92DCAC12DD74EB000D82924 /* Sources */ = {
			isa = PBXSourcesBuildPhase;
			buildActionMask = 2147483647;
			files = (
				A9904A3D2DDD1CD600816130 /* StartStopButton.swift in Sources */,
				A9904A322DDD0AD900816130 /* NowPlaying.swift in Sources */,
				A9904A342DDD0BE100816130 /* SettingsView.swift in Sources */,
				A9904A302DDD098500816130 /* TPCircularBuffer.c in Sources */,
				A9B2EC022DDB5FDC004CD6C3 /* CircularBuffer.swift in Sources */,
				A92DCADE2DD74F1800D82924 /* AirAPApp.swift in Sources */,
				A90D496B2DDE73B300781124 /* PlaybackControls.swift in Sources */,
				A92DCADF2DD74F1800D82924 /* ContentView.swift in Sources */,
				A99E25312DD7D1A900BF77D7 /* AirstreamManager.swift in Sources */,
			);
			runOnlyForDeploymentPostprocessing = 0;
		};
/* End PBXSourcesBuildPhase section */

/* Begin XCBuildConfiguration section */
		A92DCACE2DD74EB100D82924 /* Debug */ = {
			isa = XCBuildConfiguration;
			baseConfigurationReference = A96EAF312DDA005000E13432 /* Config.xcconfig */;
			buildSettings = {
				ALWAYS_SEARCH_USER_PATHS = NO;
				ASSETCATALOG_COMPILER_GENERATE_SWIFT_ASSET_SYMBOL_EXTENSIONS = YES;
				CLANG_ANALYZER_NONNULL = YES;
				CLANG_ANALYZER_NUMBER_OBJECT_CONVERSION = YES_AGGRESSIVE;
				CLANG_CXX_LANGUAGE_STANDARD = "gnu++20";
				CLANG_ENABLE_MODULES = YES;
				CLANG_ENABLE_OBJC_ARC = YES;
				CLANG_ENABLE_OBJC_WEAK = YES;
				CLANG_WARN_BLOCK_CAPTURE_AUTORELEASING = YES;
				CLANG_WARN_BOOL_CONVERSION = YES;
				CLANG_WARN_COMMA = YES;
				CLANG_WARN_CONSTANT_CONVERSION = YES;
				CLANG_WARN_DEPRECATED_OBJC_IMPLEMENTATIONS = YES;
				CLANG_WARN_DIRECT_OBJC_ISA_USAGE = YES_ERROR;
				CLANG_WARN_DOCUMENTATION_COMMENTS = YES;
				CLANG_WARN_EMPTY_BODY = YES;
				CLANG_WARN_ENUM_CONVERSION = YES;
				CLANG_WARN_INFINITE_RECURSION = YES;
				CLANG_WARN_INT_CONVERSION = YES;
				CLANG_WARN_NON_LITERAL_NULL_CONVERSION = YES;
				CLANG_WARN_OBJC_IMPLICIT_RETAIN_SELF = YES;
				CLANG_WARN_OBJC_LITERAL_CONVERSION = YES;
				CLANG_WARN_OBJC_ROOT_CLASS = YES_ERROR;
				CLANG_WARN_QUOTED_INCLUDE_IN_FRAMEWORK_HEADER = YES;
				CLANG_WARN_RANGE_LOOP_ANALYSIS = YES;
				CLANG_WARN_STRICT_PROTOTYPES = YES;
				CLANG_WARN_SUSPICIOUS_MOVE = YES;
				CLANG_WARN_UNGUARDED_AVAILABILITY = YES_AGGRESSIVE;
				CLANG_WARN_UNREACHABLE_CODE = YES;
				CLANG_WARN__DUPLICATE_METHOD_MATCH = YES;
				COPY_PHASE_STRIP = NO;
				DEBUG_INFORMATION_FORMAT = dwarf;
				DEVELOPMENT_TEAM = 8JGND254B7;
				ENABLE_STRICT_OBJC_MSGSEND = YES;
				ENABLE_TESTABILITY = YES;
				ENABLE_USER_SCRIPT_SANDBOXING = YES;
				GCC_C_LANGUAGE_STANDARD = gnu17;
				GCC_DYNAMIC_NO_PIC = NO;
				GCC_NO_COMMON_BLOCKS = YES;
				GCC_OPTIMIZATION_LEVEL = 0;
				GCC_PREPROCESSOR_DEFINITIONS = (
					"DEBUG=1",
					"$(inherited)",
				);
				GCC_WARN_64_TO_32_BIT_CONVERSION = YES;
				GCC_WARN_ABOUT_RETURN_TYPE = YES_ERROR;
				GCC_WARN_UNDECLARED_SELECTOR = YES;
				GCC_WARN_UNINITIALIZED_AUTOS = YES_AGGRESSIVE;
				GCC_WARN_UNUSED_FUNCTION = YES;
				GCC_WARN_UNUSED_VARIABLE = YES;
				IPHONEOS_DEPLOYMENT_TARGET = 18.5;
				LOCALIZATION_PREFERS_STRING_CATALOGS = YES;
				MTL_ENABLE_DEBUG_INFO = INCLUDE_SOURCE;
				MTL_FAST_MATH = YES;
				ONLY_ACTIVE_ARCH = YES;
				SDKROOT = iphoneos;
				SWIFT_ACTIVE_COMPILATION_CONDITIONS = "DEBUG $(inherited)";
				SWIFT_OBJC_BRIDGING_HEADER = "TPCircularBuffer/AirAP-Bridging-Header.h";
				SWIFT_OPTIMIZATION_LEVEL = "-Onone";
			};
			name = Debug;
		};
		A92DCACF2DD74EB100D82924 /* Release */ = {
			isa = XCBuildConfiguration;
			baseConfigurationReference = A96EAF312DDA005000E13432 /* Config.xcconfig */;
			buildSettings = {
				ALWAYS_SEARCH_USER_PATHS = NO;
				ASSETCATALOG_COMPILER_GENERATE_SWIFT_ASSET_SYMBOL_EXTENSIONS = YES;
				CLANG_ANALYZER_NONNULL = YES;
				CLANG_ANALYZER_NUMBER_OBJECT_CONVERSION = YES_AGGRESSIVE;
				CLANG_CXX_LANGUAGE_STANDARD = "gnu++20";
				CLANG_ENABLE_MODULES = YES;
				CLANG_ENABLE_OBJC_ARC = YES;
				CLANG_ENABLE_OBJC_WEAK = YES;
				CLANG_WARN_BLOCK_CAPTURE_AUTORELEASING = YES;
				CLANG_WARN_BOOL_CONVERSION = YES;
				CLANG_WARN_COMMA = YES;
				CLANG_WARN_CONSTANT_CONVERSION = YES;
				CLANG_WARN_DEPRECATED_OBJC_IMPLEMENTATIONS = YES;
				CLANG_WARN_DIRECT_OBJC_ISA_USAGE = YES_ERROR;
				CLANG_WARN_DOCUMENTATION_COMMENTS = YES;
				CLANG_WARN_EMPTY_BODY = YES;
				CLANG_WARN_ENUM_CONVERSION = YES;
				CLANG_WARN_INFINITE_RECURSION = YES;
				CLANG_WARN_INT_CONVERSION = YES;
				CLANG_WARN_NON_LITERAL_NULL_CONVERSION = YES;
				CLANG_WARN_OBJC_IMPLICIT_RETAIN_SELF = YES;
				CLANG_WARN_OBJC_LITERAL_CONVERSION = YES;
				CLANG_WARN_OBJC_ROOT_CLASS = YES_ERROR;
				CLANG_WARN_QUOTED_INCLUDE_IN_FRAMEWORK_HEADER = YES;
				CLANG_WARN_RANGE_LOOP_ANALYSIS = YES;
				CLANG_WARN_STRICT_PROTOTYPES = YES;
				CLANG_WARN_SUSPICIOUS_MOVE = YES;
				CLANG_WARN_UNGUARDED_AVAILABILITY = YES_AGGRESSIVE;
				CLANG_WARN_UNREACHABLE_CODE = YES;
				CLANG_WARN__DUPLICATE_METHOD_MATCH = YES;
				COPY_PHASE_STRIP = NO;
				DEBUG_INFORMATION_FORMAT = "dwarf-with-dsym";
				DEVELOPMENT_TEAM = 8JGND254B7;
				ENABLE_NS_ASSERTIONS = NO;
				ENABLE_STRICT_OBJC_MSGSEND = YES;
				ENABLE_USER_SCRIPT_SANDBOXING = YES;
				GCC_C_LANGUAGE_STANDARD = gnu17;
				GCC_NO_COMMON_BLOCKS = YES;
				GCC_WARN_64_TO_32_BIT_CONVERSION = YES;
				GCC_WARN_ABOUT_RETURN_TYPE = YES_ERROR;
				GCC_WARN_UNDECLARED_SELECTOR = YES;
				GCC_WARN_UNINITIALIZED_AUTOS = YES_AGGRESSIVE;
				GCC_WARN_UNUSED_FUNCTION = YES;
				GCC_WARN_UNUSED_VARIABLE = YES;
				IPHONEOS_DEPLOYMENT_TARGET = 18.5;
				LOCALIZATION_PREFERS_STRING_CATALOGS = YES;
				MTL_ENABLE_DEBUG_INFO = NO;
				MTL_FAST_MATH = YES;
				SDKROOT = iphoneos;
				SWIFT_COMPILATION_MODE = wholemodule;
				SWIFT_OBJC_BRIDGING_HEADER = "TPCircularBuffer/AirAP-Bridging-Header.h";
				VALIDATE_PRODUCT = YES;
			};
			name = Release;
		};
		A92DCAD12DD74EB100D82924 /* Debug */ = {
			isa = XCBuildConfiguration;
			buildSettings = {
				ASSETCATALOG_COMPILER_APPICON_NAME = AppIcon;
				ASSETCATALOG_COMPILER_GLOBAL_ACCENT_COLOR_NAME = AccentColor;
				CLANG_ENABLE_MODULES = YES;
				CODE_SIGN_STYLE = Automatic;
				CURRENT_PROJECT_VERSION = "$(BUILD_NUMBER)";
				DEVELOPMENT_TEAM = 8JGND254B7;
				ENABLE_PREVIEWS = YES;
				FRAMEWORK_SEARCH_PATHS = (
					"$(inherited)",
					"\"$(SRCROOT)/Carthage/Build\"",
				);
				GENERATE_INFOPLIST_FILE = YES;
				INFOPLIST_FILE = AirAP/Info.plist;
				INFOPLIST_KEY_NSLocalNetworkUsageDescription = "Needed to recieve AirPlay Audio and broadcast the server";
				INFOPLIST_KEY_UIApplicationSceneManifest_Generation = YES;
				INFOPLIST_KEY_UIApplicationSupportsIndirectInputEvents = YES;
				INFOPLIST_KEY_UILaunchScreen_Generation = YES;
				INFOPLIST_KEY_UISupportedInterfaceOrientations_iPad = "UIInterfaceOrientationPortrait UIInterfaceOrientationPortraitUpsideDown UIInterfaceOrientationLandscapeLeft UIInterfaceOrientationLandscapeRight";
				INFOPLIST_KEY_UISupportedInterfaceOrientations_iPhone = "UIInterfaceOrientationPortrait UIInterfaceOrientationLandscapeLeft UIInterfaceOrientationLandscapeRight";
				IPHONEOS_DEPLOYMENT_TARGET = 17;
				LD_RUNPATH_SEARCH_PATHS = (
					"$(inherited)",
					"@executable_path/Frameworks",
				);
				MARKETING_VERSION = "$(VERSION)";
				PRODUCT_BUNDLE_IDENTIFIER = com.neon443.AirAP;
				PRODUCT_NAME = "$(TARGET_NAME)";
				SUPPORTED_PLATFORMS = "iphoneos iphonesimulator";
				SUPPORTS_MACCATALYST = NO;
				SUPPORTS_MAC_DESIGNED_FOR_IPHONE_IPAD = YES;
				SUPPORTS_XR_DESIGNED_FOR_IPHONE_IPAD = YES;
				SWIFT_EMIT_LOC_STRINGS = YES;
				SWIFT_OBJC_BRIDGING_HEADER = "TPCircularBuffer/AirAP-Bridging-Header.h";
				SWIFT_OPTIMIZATION_LEVEL = "-Onone";
				SWIFT_VERSION = 5.0;
				TARGETED_DEVICE_FAMILY = "1,2";
			};
			name = Debug;
		};
		A92DCAD22DD74EB100D82924 /* Release */ = {
			isa = XCBuildConfiguration;
			buildSettings = {
				ASSETCATALOG_COMPILER_APPICON_NAME = AppIcon;
				ASSETCATALOG_COMPILER_GLOBAL_ACCENT_COLOR_NAME = AccentColor;
				CLANG_ENABLE_MODULES = YES;
				CODE_SIGN_STYLE = Automatic;
				CURRENT_PROJECT_VERSION = "$(BUILD_NUMBER)";
				DEVELOPMENT_TEAM = 8JGND254B7;
				ENABLE_PREVIEWS = YES;
				FRAMEWORK_SEARCH_PATHS = (
					"$(inherited)",
					"\"$(SRCROOT)/Carthage/Build\"",
				);
				GENERATE_INFOPLIST_FILE = YES;
				INFOPLIST_FILE = AirAP/Info.plist;
				INFOPLIST_KEY_NSLocalNetworkUsageDescription = "Needed to recieve AirPlay Audio and broadcast the server";
				INFOPLIST_KEY_UIApplicationSceneManifest_Generation = YES;
				INFOPLIST_KEY_UIApplicationSupportsIndirectInputEvents = YES;
				INFOPLIST_KEY_UILaunchScreen_Generation = YES;
				INFOPLIST_KEY_UISupportedInterfaceOrientations_iPad = "UIInterfaceOrientationPortrait UIInterfaceOrientationPortraitUpsideDown UIInterfaceOrientationLandscapeLeft UIInterfaceOrientationLandscapeRight";
				INFOPLIST_KEY_UISupportedInterfaceOrientations_iPhone = "UIInterfaceOrientationPortrait UIInterfaceOrientationLandscapeLeft UIInterfaceOrientationLandscapeRight";
				IPHONEOS_DEPLOYMENT_TARGET = 17;
				LD_RUNPATH_SEARCH_PATHS = (
					"$(inherited)",
					"@executable_path/Frameworks",
				);
				MARKETING_VERSION = "$(VERSION)";
				PRODUCT_BUNDLE_IDENTIFIER = com.neon443.AirAP;
				PRODUCT_NAME = "$(TARGET_NAME)";
				SUPPORTED_PLATFORMS = "iphoneos iphonesimulator";
				SUPPORTS_MACCATALYST = NO;
				SUPPORTS_MAC_DESIGNED_FOR_IPHONE_IPAD = YES;
				SUPPORTS_XR_DESIGNED_FOR_IPHONE_IPAD = YES;
				SWIFT_EMIT_LOC_STRINGS = YES;
				SWIFT_OBJC_BRIDGING_HEADER = "TPCircularBuffer/AirAP-Bridging-Header.h";
				SWIFT_VERSION = 5.0;
				TARGETED_DEVICE_FAMILY = "1,2";
			};
			name = Release;
		};
/* End XCBuildConfiguration section */

/* Begin XCConfigurationList section */
		A92DCAC02DD74EB000D82924 /* Build configuration list for PBXProject "AirAP" */ = {
			isa = XCConfigurationList;
			buildConfigurations = (
				A92DCACE2DD74EB100D82924 /* Debug */,
				A92DCACF2DD74EB100D82924 /* Release */,
			);
			defaultConfigurationIsVisible = 0;
			defaultConfigurationName = Release;
		};
		A92DCAD02DD74EB100D82924 /* Build configuration list for PBXNativeTarget "AirAP" */ = {
			isa = XCConfigurationList;
			buildConfigurations = (
				A92DCAD12DD74EB100D82924 /* Debug */,
				A92DCAD22DD74EB100D82924 /* Release */,
			);
			defaultConfigurationIsVisible = 0;
			defaultConfigurationName = Release;
		};
/* End XCConfigurationList section */
	};
	rootObject = A92DCABD2DD74EB000D82924 /* Project object */;
}
